Microsoft Visual Studio Solution File, Format Version 12.00
# Visual Studio Version 17
VisualStudioVersion = 17.5.2.0
MinimumVisualStudioVersion = 10.0.40219.1
Project("{FAE04EC0-301F-11D3-BF4B-00C04F79EFBC}") = "cshub", "cshub.csproj", "{3C840F27-54B4-9BA4-CDE0-63E2F12DD5EE}"
EndProject
Global
	GlobalSection(SolutionConfigurationPlatforms) = preSolution
		Debug|Any CPU = Debug|Any CPU
		Release|Any CPU = Release|Any CPU
	EndGlobalSection
	GlobalSection(ProjectConfigurationPlatforms) = postSolution
		{3C840F27-54B4-9BA4-CDE0-63E2F12DD5EE}.Debug|Any CPU.ActiveCfg = Debug|Any CPU
		{3C840F27-54B4-9BA4-CDE0-63E2F12DD5EE}.Debug|Any CPU.Build.0 = Debug|Any CPU
		{3C840F27-54B4-9BA4-CDE0-63E2F12DD5EE}.Release|Any CPU.ActiveCfg = Release|Any CPU
		{3C840F27-54B4-9BA4-CDE0-63E2F12DD5EE}.Release|Any CPU.Build.0 = Release|Any CPU
	EndGlobalSection
	GlobalSection(SolutionProperties) = preSolution
		HideSolutionNode = FALSE
	EndGlobalSection
	GlobalSection(ExtensibilityGlobals) = postSolution
		SolutionGuid = {0B4B3389-BD64-491C-B16C-A2926CCA3C6B}
	EndGlobalSection
EndGlobal
